
Microsoft Visual Studio Solution File, Format Version 12.00
Project("{FAE04EC0-301F-11D3-BF4B-00C04F79EFBC}") = "EF.Domain", "EF.Domain\EF.Domain.csproj", "{DB027396-64A2-45CB-8AB7-C4533750B61D}"
EndProject
Project("{FAE04EC0-301F-11D3-BF4B-00C04F79EFBC}") = "EF.Infrastructure", "EF.Infrastructure\EF.Infrastructure.csproj", "{58B41D71-7CED-4270-9672-8B224DDB9328}"
EndProject
Project("{FAE04EC0-301F-11D3-BF4B-00C04F79EFBC}") = "EF.Api", "EF.Api\EF.Api.csproj", "{EF3DE00B-12CE-42BC-A389-78F24B480264}"
EndProject
Global
	GlobalSection(SolutionConfigurationPlatforms) = preSolution
		Debug|Any CPU = Debug|Any CPU
		Release|Any CPU = Release|Any CPU
	EndGlobalSection
	GlobalSection(ProjectConfigurationPlatforms) = postSolution
		{DB027396-64A2-45CB-8AB7-C4533750B61D}.Debug|Any CPU.ActiveCfg = Debug|Any CPU
		{DB027396-64A2-45CB-8AB7-C4533750B61D}.Debug|Any CPU.Build.0 = Debug|Any CPU
		{DB027396-64A2-45CB-8AB7-C4533750B61D}.Release|Any CPU.ActiveCfg = Release|Any CPU
		{DB027396-64A2-45CB-8AB7-C4533750B61D}.Release|Any CPU.Build.0 = Release|Any CPU
		{58B41D71-7CED-4270-9672-8B224DDB9328}.Debug|Any CPU.ActiveCfg = Debug|Any CPU
		{58B41D71-7CED-4270-9672-8B224DDB9328}.Debug|Any CPU.Build.0 = Debug|Any CPU
		{58B41D71-7CED-4270-9672-8B224DDB9328}.Release|Any CPU.ActiveCfg = Release|Any CPU
		{58B41D71-7CED-4270-9672-8B224DDB9328}.Release|Any CPU.Build.0 = Release|Any CPU
		{EF3DE00B-12CE-42BC-A389-78F24B480264}.Debug|Any CPU.ActiveCfg = Debug|Any CPU
		{EF3DE00B-12CE-42BC-A389-78F24B480264}.Debug|Any CPU.Build.0 = Debug|Any CPU
		{EF3DE00B-12CE-42BC-A389-78F24B480264}.Release|Any CPU.ActiveCfg = Release|Any CPU
		{EF3DE00B-12CE-42BC-A389-78F24B480264}.Release|Any CPU.Build.0 = Release|Any CPU
	EndGlobalSection
EndGlobal
